
Microsoft Visual Studio Solution File, Format Version 12.00
# Visual Studio 15
VisualStudioVersion = 15.0.28307.106
MinimumVisualStudioVersion = 10.0.40219.1
Project("{8BC9CEB8-8B4A-11D0-8D11-00A0C91BC942}") = "PSFO", "PSFO\PSFO.vcxproj", "{90E3BC86-FF5E-4608-8DC4-ECA69FED8CC9}"
EndProject
Global
	GlobalSection(SolutionConfigurationPlatforms) = preSolution
		Debug|x64 = Debug|x64
		Debug|x86 = Debug|x86
		Release|x64 = Release|x64
		Release|x86 = Release|x86
	EndGlobalSection
	GlobalSection(ProjectConfigurationPlatforms) = postSolution
		{90E3BC86-FF5E-4608-8DC4-ECA69FED8CC9}.Debug|x64.ActiveCfg = Debug|x64
		{90E3BC86-FF5E-4608-8DC4-ECA69FED8CC9}.Debug|x64.Build.0 = Debug|x64
		{90E3BC86-FF5E-4608-8DC4-ECA69FED8CC9}.Debug|x86.ActiveCfg = Debug|Win32
		{90E3BC86-FF5E-4608-8DC4-ECA69FED8CC9}.Debug|x86.Build.0 = Debug|Win32
		{90E3BC86-FF5E-4608-8DC4-ECA69FED8CC9}.Release|x64.ActiveCfg = Release|x64
		{90E3BC86-FF5E-4608-8DC4-ECA69FED8CC9}.Release|x64.Build.0 = Release|x64
		{90E3BC86-FF5E-4608-8DC4-ECA69FED8CC9}.Release|x86.ActiveCfg = Release|Win32
		{90E3BC86-FF5E-4608-8DC4-ECA69FED8CC9}.Release|x86.Build.0 = Release|Win32
	EndGlobalSection
	GlobalSection(SolutionProperties) = preSolution
		HideSolutionNode = FALSE
	EndGlobalSection
	GlobalSection(ExtensibilityGlobals) = postSolution
		SolutionGuid = {928898EA-B6C4-4421-9F1E-0CA75DA7A677}
	EndGlobalSection
EndGlobal
